
Microsoft Visual Studio Solution File, Format Version 12.00
# Visual Studio Version 16
VisualStudioVersion = 16.0.30611.23
MinimumVisualStudioVersion = 10.0.40219.1
Project("{FAE04EC0-301F-11D3-BF4B-00C04F79EFBC}") = "VFEM", "VFEM.csproj", "{12B1B7DD-707D-4962-866B-6BE40FC816E0}"
EndProject
Global
	GlobalSection(SolutionConfigurationPlatforms) = preSolution
		Debug|Any CPU = Debug|Any CPU
		Release|Any CPU = Release|Any CPU
	EndGlobalSection
	GlobalSection(ProjectConfigurationPlatforms) = postSolution
		{12B1B7DD-707D-4962-866B-6BE40FC816E0}.Debug|Any CPU.ActiveCfg = Debug|Any CPU
		{12B1B7DD-707D-4962-866B-6BE40FC816E0}.Debug|Any CPU.Build.0 = Debug|Any CPU
		{12B1B7DD-707D-4962-866B-6BE40FC816E0}.Release|Any CPU.ActiveCfg = Release|Any CPU
		{12B1B7DD-707D-4962-866B-6BE40FC816E0}.Release|Any CPU.Build.0 = Release|Any CPU
	EndGlobalSection
	GlobalSection(SolutionProperties) = preSolution
		HideSolutionNode = FALSE
	EndGlobalSection
	GlobalSection(ExtensibilityGlobals) = postSolution
		SolutionGuid = {2FEDF98C-9D67-4178-A720-6DEEB3247CFC}
	EndGlobalSection
EndGlobal
